
Microsoft Visual Studio Solution File, Format Version 12.00
# Visual Studio Version 17
VisualStudioVersion = 17.12.35506.116
MinimumVisualStudioVersion = 10.0.40219.1
Project("{FAE04EC0-301F-11D3-BF4B-00C04F79EFBC}") = "3.csapt_projekt", "3.csapt_projekt\3.csapt_projekt.csproj", "{0997643B-BA8B-4579-9410-DA00604F5272}"
EndProject
Project("{FAE04EC0-301F-11D3-BF4B-00C04F79EFBC}") = "3.csapt_projektTests1", "3.csapt_projektTests1\3.csapt_projektTests1.csproj", "{BBC15EE2-A464-43D8-9058-D9DF02D3A8CD}"
EndProject
Project("{54435603-DBB4-11D2-8724-00A0C9A8B90C}") = "QvizJatek", "QvizJatek\QvizJatek.vdproj", "{91F99380-9B5C-4346-BFB3-1714AAEB9908}"
EndProject
Global
	GlobalSection(SolutionConfigurationPlatforms) = preSolution
		Debug|Any CPU = Debug|Any CPU
		Release|Any CPU = Release|Any CPU
	EndGlobalSection
	GlobalSection(ProjectConfigurationPlatforms) = postSolution
		{0997643B-BA8B-4579-9410-DA00604F5272}.Debug|Any CPU.ActiveCfg = Debug|Any CPU
		{0997643B-BA8B-4579-9410-DA00604F5272}.Debug|Any CPU.Build.0 = Debug|Any CPU
		{0997643B-BA8B-4579-9410-DA00604F5272}.Release|Any CPU.ActiveCfg = Release|Any CPU
		{0997643B-BA8B-4579-9410-DA00604F5272}.Release|Any CPU.Build.0 = Release|Any CPU
		{BBC15EE2-A464-43D8-9058-D9DF02D3A8CD}.Debug|Any CPU.ActiveCfg = Debug|Any CPU
		{BBC15EE2-A464-43D8-9058-D9DF02D3A8CD}.Release|Any CPU.ActiveCfg = Release|Any CPU
		{BBC15EE2-A464-43D8-9058-D9DF02D3A8CD}.Release|Any CPU.Build.0 = Release|Any CPU
		{91F99380-9B5C-4346-BFB3-1714AAEB9908}.Debug|Any CPU.ActiveCfg = Release
		{91F99380-9B5C-4346-BFB3-1714AAEB9908}.Debug|Any CPU.Build.0 = Release
		{91F99380-9B5C-4346-BFB3-1714AAEB9908}.Release|Any CPU.ActiveCfg = Release
	EndGlobalSection
	GlobalSection(SolutionProperties) = preSolution
		HideSolutionNode = FALSE
	EndGlobalSection
EndGlobal
